
Microsoft Visual Studio Solution File, Format Version 12.00
# Visual Studio 2012
Project("{FAE04EC0-301F-11D3-BF4B-00C04F79EFBC}") = "liblistfile", "liblistfile\liblistfile.csproj", "{CE32160A-4A61-4813-93A5-D9DFDD7AB470}"
EndProject
Project("{FAE04EC0-301F-11D3-BF4B-00C04F79EFBC}") = "libwarcraft", "..\libwarcraft\libwarcraft\libwarcraft.csproj", "{DA06A44E-A67B-46C7-B07D-E90AEBED0502}"
EndProject
Global
	GlobalSection(SolutionConfigurationPlatforms) = preSolution
		Debug|AnyCPU = Debug|AnyCPU
		Release|AnyCPU = Release|AnyCPU
	EndGlobalSection
	GlobalSection(ProjectConfigurationPlatforms) = postSolution
		{CE32160A-4A61-4813-93A5-D9DFDD7AB470}.Debug|AnyCPU.ActiveCfg = Debug|Any CPU
		{CE32160A-4A61-4813-93A5-D9DFDD7AB470}.Debug|AnyCPU.Build.0 = Debug|Any CPU
		{CE32160A-4A61-4813-93A5-D9DFDD7AB470}.Release|AnyCPU.ActiveCfg = Release|Any CPU
		{CE32160A-4A61-4813-93A5-D9DFDD7AB470}.Release|AnyCPU.Build.0 = Release|Any CPU
		{DA06A44E-A67B-46C7-B07D-E90AEBED0502}.Debug|AnyCPU.ActiveCfg = Debug|AnyCPU
		{DA06A44E-A67B-46C7-B07D-E90AEBED0502}.Debug|AnyCPU.Build.0 = Debug|AnyCPU
		{DA06A44E-A67B-46C7-B07D-E90AEBED0502}.Release|AnyCPU.ActiveCfg = Release|AnyCPU
		{DA06A44E-A67B-46C7-B07D-E90AEBED0502}.Release|AnyCPU.Build.0 = Release|AnyCPU
	EndGlobalSection
EndGlobal
